
Microsoft Visual Studio Solution File, Format Version 12.00
# Visual Studio Version 16
VisualStudioVersion = 16.0.29424.173
MinimumVisualStudioVersion = 10.0.40219.1
Project("{2150E333-8FDC-42A3-9474-1A3956D46DE8}") = "Web", "Web", "{F03C8691-32B1-418B-9525-EAF9CF1B9338}"
EndProject
Project("{9A19103F-16F7-4668-BE54-9A1E7A4F7556}") = "WebApi", "WebApi\WebApi.csproj", "{CBF2D504-E08A-4B38-A21C-87B83D1A9DA4}"
EndProject
Project("{2150E333-8FDC-42A3-9474-1A3956D46DE8}") = "Data", "Data", "{E884380B-B7FA-4AD4-AA0C-C802FD06B74A}"
EndProject
Project("{9A19103F-16F7-4668-BE54-9A1E7A4F7556}") = "Models", "Models\Models.csproj", "{3385C5B0-08B5-4809-97DD-53666AB69C47}"
EndProject
Project("{9A19103F-16F7-4668-BE54-9A1E7A4F7556}") = "Persistence.Database", "Persistence.Database\Persistence.Database.csproj", "{C0CAD6AC-4112-4A9A-8922-DD7A5B4FAC63}"
EndProject
Project("{2150E333-8FDC-42A3-9474-1A3956D46DE8}") = "Test", "Test", "{0DA546E7-3C04-49A8-BAE4-A06972CB9418}"
EndProject
Project("{9A19103F-16F7-4668-BE54-9A1E7A4F7556}") = "Common", "Common\Common.csproj", "{11505C13-F30D-4C1C-8A2C-B6C0A784877A}"
EndProject
Project("{9A19103F-16F7-4668-BE54-9A1E7A4F7556}") = "Repositories", "Repositories\Repositories.csproj", "{1D8EC963-37D8-4BB8-A236-C7ED06EB8187}"
EndProject
Project("{9A19103F-16F7-4668-BE54-9A1E7A4F7556}") = "DataAccess", "DataAccess\DataAccess.csproj", "{8A588589-BBD9-4609-9462-BB3246F03BB0}"
EndProject
Project("{9A19103F-16F7-4668-BE54-9A1E7A4F7556}") = "Dtos", "Dtos\Dtos.csproj", "{0ECC4B62-9874-4FF3-AEDF-DE3169A620ED}"
EndProject
Project("{FAE04EC0-301F-11D3-BF4B-00C04F79EFBC}") = "Tests", "Tests\Tests.csproj", "{8AC0C891-064E-44FC-B87D-E15907A57F01}"
EndProject
Global
	GlobalSection(SolutionConfigurationPlatforms) = preSolution
		Debug|Any CPU = Debug|Any CPU
		Release|Any CPU = Release|Any CPU
	EndGlobalSection
	GlobalSection(ProjectConfigurationPlatforms) = postSolution
		{CBF2D504-E08A-4B38-A21C-87B83D1A9DA4}.Debug|Any CPU.ActiveCfg = Debug|Any CPU
		{CBF2D504-E08A-4B38-A21C-87B83D1A9DA4}.Debug|Any CPU.Build.0 = Debug|Any CPU
		{CBF2D504-E08A-4B38-A21C-87B83D1A9DA4}.Release|Any CPU.ActiveCfg = Release|Any CPU
		{CBF2D504-E08A-4B38-A21C-87B83D1A9DA4}.Release|Any CPU.Build.0 = Release|Any CPU
		{3385C5B0-08B5-4809-97DD-53666AB69C47}.Debug|Any CPU.ActiveCfg = Debug|Any CPU
		{3385C5B0-08B5-4809-97DD-53666AB69C47}.Debug|Any CPU.Build.0 = Debug|Any CPU
		{3385C5B0-08B5-4809-97DD-53666AB69C47}.Release|Any CPU.ActiveCfg = Release|Any CPU
		{3385C5B0-08B5-4809-97DD-53666AB69C47}.Release|Any CPU.Build.0 = Release|Any CPU
		{C0CAD6AC-4112-4A9A-8922-DD7A5B4FAC63}.Debug|Any CPU.ActiveCfg = Debug|Any CPU
		{C0CAD6AC-4112-4A9A-8922-DD7A5B4FAC63}.Debug|Any CPU.Build.0 = Debug|Any CPU
		{C0CAD6AC-4112-4A9A-8922-DD7A5B4FAC63}.Release|Any CPU.ActiveCfg = Release|Any CPU
		{C0CAD6AC-4112-4A9A-8922-DD7A5B4FAC63}.Release|Any CPU.Build.0 = Release|Any CPU
		{11505C13-F30D-4C1C-8A2C-B6C0A784877A}.Debug|Any CPU.ActiveCfg = Debug|Any CPU
		{11505C13-F30D-4C1C-8A2C-B6C0A784877A}.Debug|Any CPU.Build.0 = Debug|Any CPU
		{11505C13-F30D-4C1C-8A2C-B6C0A784877A}.Release|Any CPU.ActiveCfg = Release|Any CPU
		{11505C13-F30D-4C1C-8A2C-B6C0A784877A}.Release|Any CPU.Build.0 = Release|Any CPU
		{1D8EC963-37D8-4BB8-A236-C7ED06EB8187}.Debug|Any CPU.ActiveCfg = Debug|Any CPU
		{1D8EC963-37D8-4BB8-A236-C7ED06EB8187}.Debug|Any CPU.Build.0 = Debug|Any CPU
		{1D8EC963-37D8-4BB8-A236-C7ED06EB8187}.Release|Any CPU.ActiveCfg = Release|Any CPU
		{1D8EC963-37D8-4BB8-A236-C7ED06EB8187}.Release|Any CPU.Build.0 = Release|Any CPU
		{8A588589-BBD9-4609-9462-BB3246F03BB0}.Debug|Any CPU.ActiveCfg = Debug|Any CPU
		{8A588589-BBD9-4609-9462-BB3246F03BB0}.Debug|Any CPU.Build.0 = Debug|Any CPU
		{8A588589-BBD9-4609-9462-BB3246F03BB0}.Release|Any CPU.ActiveCfg = Release|Any CPU
		{8A588589-BBD9-4609-9462-BB3246F03BB0}.Release|Any CPU.Build.0 = Release|Any CPU
		{0ECC4B62-9874-4FF3-AEDF-DE3169A620ED}.Debug|Any CPU.ActiveCfg = Debug|Any CPU
		{0ECC4B62-9874-4FF3-AEDF-DE3169A620ED}.Debug|Any CPU.Build.0 = Debug|Any CPU
		{0ECC4B62-9874-4FF3-AEDF-DE3169A620ED}.Release|Any CPU.ActiveCfg = Release|Any CPU
		{0ECC4B62-9874-4FF3-AEDF-DE3169A620ED}.Release|Any CPU.Build.0 = Release|Any CPU
		{8AC0C891-064E-44FC-B87D-E15907A57F01}.Debug|Any CPU.ActiveCfg = Debug|Any CPU
		{8AC0C891-064E-44FC-B87D-E15907A57F01}.Debug|Any CPU.Build.0 = Debug|Any CPU
		{8AC0C891-064E-44FC-B87D-E15907A57F01}.Release|Any CPU.ActiveCfg = Release|Any CPU
		{8AC0C891-064E-44FC-B87D-E15907A57F01}.Release|Any CPU.Build.0 = Release|Any CPU
	EndGlobalSection
	GlobalSection(SolutionProperties) = preSolution
		HideSolutionNode = FALSE
	EndGlobalSection
	GlobalSection(NestedProjects) = preSolution
		{CBF2D504-E08A-4B38-A21C-87B83D1A9DA4} = {F03C8691-32B1-418B-9525-EAF9CF1B9338}
		{3385C5B0-08B5-4809-97DD-53666AB69C47} = {E884380B-B7FA-4AD4-AA0C-C802FD06B74A}
		{C0CAD6AC-4112-4A9A-8922-DD7A5B4FAC63} = {E884380B-B7FA-4AD4-AA0C-C802FD06B74A}
		{11505C13-F30D-4C1C-8A2C-B6C0A784877A} = {E884380B-B7FA-4AD4-AA0C-C802FD06B74A}
		{1D8EC963-37D8-4BB8-A236-C7ED06EB8187} = {E884380B-B7FA-4AD4-AA0C-C802FD06B74A}
		{8A588589-BBD9-4609-9462-BB3246F03BB0} = {E884380B-B7FA-4AD4-AA0C-C802FD06B74A}
		{0ECC4B62-9874-4FF3-AEDF-DE3169A620ED} = {E884380B-B7FA-4AD4-AA0C-C802FD06B74A}
		{8AC0C891-064E-44FC-B87D-E15907A57F01} = {0DA546E7-3C04-49A8-BAE4-A06972CB9418}
	EndGlobalSection
	GlobalSection(ExtensibilityGlobals) = postSolution
		SolutionGuid = {53FAF64D-0020-41BE-A2D2-9B2E282E6A1E}
	EndGlobalSection
EndGlobal
